
Microsoft Visual Studio Solution File, Format Version 12.00
# Visual Studio Version 16
VisualStudioVersion = 16.0.31205.134
MinimumVisualStudioVersion = 10.0.40219.1
Project("{9A19103F-16F7-4668-BE54-9A1E7A4F7556}") = "API", "API\API.csproj", "{5BDCEFDA-EE5F-4112-A597-C17B6E60C5FA}"
EndProject
Project("{9A19103F-16F7-4668-BE54-9A1E7A4F7556}") = "Business", "Business\Business.csproj", "{33FB9D88-215B-42F3-A3BB-7FD26EEFF365}"
EndProject
Project("{9A19103F-16F7-4668-BE54-9A1E7A4F7556}") = "Data", "Data\Data.csproj", "{7C7E5992-A2B9-434D-8AEE-C1B0BF9B52FE}"
EndProject
Global
	GlobalSection(SolutionConfigurationPlatforms) = preSolution
		Debug|Any CPU = Debug|Any CPU
		Release|Any CPU = Release|Any CPU
	EndGlobalSection
	GlobalSection(ProjectConfigurationPlatforms) = postSolution
		{5BDCEFDA-EE5F-4112-A597-C17B6E60C5FA}.Debug|Any CPU.ActiveCfg = Debug|Any CPU
		{5BDCEFDA-EE5F-4112-A597-C17B6E60C5FA}.Debug|Any CPU.Build.0 = Debug|Any CPU
		{5BDCEFDA-EE5F-4112-A597-C17B6E60C5FA}.Release|Any CPU.ActiveCfg = Release|Any CPU
		{5BDCEFDA-EE5F-4112-A597-C17B6E60C5FA}.Release|Any CPU.Build.0 = Release|Any CPU
		{33FB9D88-215B-42F3-A3BB-7FD26EEFF365}.Debug|Any CPU.ActiveCfg = Debug|Any CPU
		{33FB9D88-215B-42F3-A3BB-7FD26EEFF365}.Debug|Any CPU.Build.0 = Debug|Any CPU
		{33FB9D88-215B-42F3-A3BB-7FD26EEFF365}.Release|Any CPU.ActiveCfg = Release|Any CPU
		{33FB9D88-215B-42F3-A3BB-7FD26EEFF365}.Release|Any CPU.Build.0 = Release|Any CPU
		{7C7E5992-A2B9-434D-8AEE-C1B0BF9B52FE}.Debug|Any CPU.ActiveCfg = Debug|Any CPU
		{7C7E5992-A2B9-434D-8AEE-C1B0BF9B52FE}.Debug|Any CPU.Build.0 = Debug|Any CPU
		{7C7E5992-A2B9-434D-8AEE-C1B0BF9B52FE}.Release|Any CPU.ActiveCfg = Release|Any CPU
		{7C7E5992-A2B9-434D-8AEE-C1B0BF9B52FE}.Release|Any CPU.Build.0 = Release|Any CPU
	EndGlobalSection
	GlobalSection(SolutionProperties) = preSolution
		HideSolutionNode = FALSE
	EndGlobalSection
	GlobalSection(ExtensibilityGlobals) = postSolution
		SolutionGuid = {77E06C8F-3A99-46B6-880A-C70794927CC3}
	EndGlobalSection
EndGlobal
